// !$*UTF8*$!
{
	archiveVersion = 1;
	classes = {
	};
	objectVersion = 46;
	objects = {

/* Begin PBXBuildFile section */
		06863082BD754274962E002E /* libPods.a in Frameworks */ = {isa = PBXBuildFile; fileRef = 8CAD519335B149929D712077 /* libPods.a */; };
<<<<<<< HEAD
		43A7ABDA1A1700E500C5C6AC /* main.m in Sources */ = {isa = PBXBuildFile; fileRef = 43A7ABD91A1700E500C5C6AC /* main.m */; };
		43A7ABDD1A1700E500C5C6AC /* AppDelegate.m in Sources */ = {isa = PBXBuildFile; fileRef = 43A7ABDC1A1700E500C5C6AC /* AppDelegate.m */; };
		43A7ABE01A1700E500C5C6AC /* ViewController.m in Sources */ = {isa = PBXBuildFile; fileRef = 43A7ABDF1A1700E500C5C6AC /* ViewController.m */; };
=======
		430DF6DC1A17638700764928 /* AudioToolbox.framework in Frameworks */ = {isa = PBXBuildFile; fileRef = 430DF6DB1A17638700764928 /* AudioToolbox.framework */; };
		430DF6DE1A17638C00764928 /* CFNetwork.framework in Frameworks */ = {isa = PBXBuildFile; fileRef = 430DF6DD1A17638C00764928 /* CFNetwork.framework */; };
		430DF6E01A17639500764928 /* CoreGraphics.framework in Frameworks */ = {isa = PBXBuildFile; fileRef = 430DF6DF1A17639500764928 /* CoreGraphics.framework */; };
		430DF6E21A1763AC00764928 /* CoreLocation.framework in Frameworks */ = {isa = PBXBuildFile; fileRef = 430DF6E11A1763AC00764928 /* CoreLocation.framework */; };
		430DF6E41A1763B100764928 /* libz.dylib in Frameworks */ = {isa = PBXBuildFile; fileRef = 430DF6E31A1763B100764928 /* libz.dylib */; };
		430DF6E61A1763B800764928 /* MobileCoreServices.framework in Frameworks */ = {isa = PBXBuildFile; fileRef = 430DF6E51A1763B800764928 /* MobileCoreServices.framework */; };
		430DF6E81A1763C200764928 /* QuartzCore.framework in Frameworks */ = {isa = PBXBuildFile; fileRef = 430DF6E71A1763C200764928 /* QuartzCore.framework */; };
		430DF6EA1A1763C700764928 /* Security.framework in Frameworks */ = {isa = PBXBuildFile; fileRef = 430DF6E91A1763C700764928 /* Security.framework */; };
		430DF6EC1A1763CE00764928 /* StoreKit.framework in Frameworks */ = {isa = PBXBuildFile; fileRef = 430DF6EB1A1763CE00764928 /* StoreKit.framework */; };
		430DF6EE1A1763D400764928 /* SystemConfiguration.framework in Frameworks */ = {isa = PBXBuildFile; fileRef = 430DF6ED1A1763D400764928 /* SystemConfiguration.framework */; };
		430DF6F01A17640300764928 /* Parse.framework in Frameworks */ = {isa = PBXBuildFile; fileRef = 430DF6EF1A17640300764928 /* Parse.framework */; };
		430DF6F21A17640B00764928 /* Bolts.framework in Frameworks */ = {isa = PBXBuildFile; fileRef = 430DF6F11A17640B00764928 /* Bolts.framework */; };
		432BA53C1A171F5000D8B173 /* ClubsTableViewController.m in Sources */ = {isa = PBXBuildFile; fileRef = 432BA53B1A171F5000D8B173 /* ClubsTableViewController.m */; };
		432BA53F1A172F8B00D8B173 /* CreateClubTableViewController.m in Sources */ = {isa = PBXBuildFile; fileRef = 432BA53E1A172F8B00D8B173 /* CreateClubTableViewController.m */; };
		438F95A31A173D49004C0A4F /* ClubCategoryTableViewController.m in Sources */ = {isa = PBXBuildFile; fileRef = 438F95A21A173D49004C0A4F /* ClubCategoryTableViewController.m */; };
		438F95A71A173E83004C0A4F /* CategoryCell.m in Sources */ = {isa = PBXBuildFile; fileRef = 438F95A61A173E83004C0A4F /* CategoryCell.m */; };
		43A7ABDA1A1700E500C5C6AC /* main.m in Sources */ = {isa = PBXBuildFile; fileRef = 43A7ABD91A1700E500C5C6AC /* main.m */; };
		43A7ABDD1A1700E500C5C6AC /* AppDelegate.m in Sources */ = {isa = PBXBuildFile; fileRef = 43A7ABDC1A1700E500C5C6AC /* AppDelegate.m */; };
>>>>>>> Add screen is done, but not functional. Removed syncano, switching to Parse.
		43A7ABE31A1700E600C5C6AC /* Main.storyboard in Resources */ = {isa = PBXBuildFile; fileRef = 43A7ABE11A1700E600C5C6AC /* Main.storyboard */; };
		43A7ABE51A1700E600C5C6AC /* Images.xcassets in Resources */ = {isa = PBXBuildFile; fileRef = 43A7ABE41A1700E600C5C6AC /* Images.xcassets */; };
		43A7ABE81A1700E600C5C6AC /* LaunchScreen.xib in Resources */ = {isa = PBXBuildFile; fileRef = 43A7ABE61A1700E600C5C6AC /* LaunchScreen.xib */; };
		43A7ABF41A1700E600C5C6AC /* NarWallTests.m in Sources */ = {isa = PBXBuildFile; fileRef = 43A7ABF31A1700E600C5C6AC /* NarWallTests.m */; };
<<<<<<< HEAD
		4C60C3731A171B1700960F7F /* ITCFranklinGothicStd-Hvy.otf in Resources */ = {isa = PBXBuildFile; fileRef = 4C60C3721A171B1600960F7F /* ITCFranklinGothicStd-Hvy.otf */; };
		4C60C3751A171BAB00960F7F /* ITCFranklinGothicStd-Med.otf in Resources */ = {isa = PBXBuildFile; fileRef = 4C60C3741A171BAB00960F7F /* ITCFranklinGothicStd-Med.otf */; };
=======
>>>>>>> Add screen is done, but not functional. Removed syncano, switching to Parse.
/* End PBXBuildFile section */

/* Begin PBXContainerItemProxy section */
		43A7ABEE1A1700E600C5C6AC /* PBXContainerItemProxy */ = {
			isa = PBXContainerItemProxy;
			containerPortal = 43A7ABCC1A1700E500C5C6AC /* Project object */;
			proxyType = 1;
			remoteGlobalIDString = 43A7ABD31A1700E500C5C6AC;
			remoteInfo = NarWall;
		};
/* End PBXContainerItemProxy section */

/* Begin PBXFileReference section */
<<<<<<< HEAD
		2C79CA6CE99195454F4AA463 /* Pods.debug.xcconfig */ = {isa = PBXFileReference; includeInIndex = 1; lastKnownFileType = text.xcconfig; name = Pods.debug.xcconfig; path = "Pods/Target Support Files/Pods/Pods.debug.xcconfig"; sourceTree = "<group>"; };
=======
		00D728CBA33F72E21DCEE40D /* Pods.release.xcconfig */ = {isa = PBXFileReference; includeInIndex = 1; lastKnownFileType = text.xcconfig; name = Pods.release.xcconfig; path = "Pods/Target Support Files/Pods/Pods.release.xcconfig"; sourceTree = "<group>"; };
		430DF6DB1A17638700764928 /* AudioToolbox.framework */ = {isa = PBXFileReference; lastKnownFileType = wrapper.framework; name = AudioToolbox.framework; path = System/Library/Frameworks/AudioToolbox.framework; sourceTree = SDKROOT; };
		430DF6DD1A17638C00764928 /* CFNetwork.framework */ = {isa = PBXFileReference; lastKnownFileType = wrapper.framework; name = CFNetwork.framework; path = System/Library/Frameworks/CFNetwork.framework; sourceTree = SDKROOT; };
		430DF6DF1A17639500764928 /* CoreGraphics.framework */ = {isa = PBXFileReference; lastKnownFileType = wrapper.framework; name = CoreGraphics.framework; path = System/Library/Frameworks/CoreGraphics.framework; sourceTree = SDKROOT; };
		430DF6E11A1763AC00764928 /* CoreLocation.framework */ = {isa = PBXFileReference; lastKnownFileType = wrapper.framework; name = CoreLocation.framework; path = System/Library/Frameworks/CoreLocation.framework; sourceTree = SDKROOT; };
		430DF6E31A1763B100764928 /* libz.dylib */ = {isa = PBXFileReference; lastKnownFileType = "compiled.mach-o.dylib"; name = libz.dylib; path = usr/lib/libz.dylib; sourceTree = SDKROOT; };
		430DF6E51A1763B800764928 /* MobileCoreServices.framework */ = {isa = PBXFileReference; lastKnownFileType = wrapper.framework; name = MobileCoreServices.framework; path = System/Library/Frameworks/MobileCoreServices.framework; sourceTree = SDKROOT; };
		430DF6E71A1763C200764928 /* QuartzCore.framework */ = {isa = PBXFileReference; lastKnownFileType = wrapper.framework; name = QuartzCore.framework; path = System/Library/Frameworks/QuartzCore.framework; sourceTree = SDKROOT; };
		430DF6E91A1763C700764928 /* Security.framework */ = {isa = PBXFileReference; lastKnownFileType = wrapper.framework; name = Security.framework; path = System/Library/Frameworks/Security.framework; sourceTree = SDKROOT; };
		430DF6EB1A1763CE00764928 /* StoreKit.framework */ = {isa = PBXFileReference; lastKnownFileType = wrapper.framework; name = StoreKit.framework; path = System/Library/Frameworks/StoreKit.framework; sourceTree = SDKROOT; };
		430DF6ED1A1763D400764928 /* SystemConfiguration.framework */ = {isa = PBXFileReference; lastKnownFileType = wrapper.framework; name = SystemConfiguration.framework; path = System/Library/Frameworks/SystemConfiguration.framework; sourceTree = SDKROOT; };
		430DF6EF1A17640300764928 /* Parse.framework */ = {isa = PBXFileReference; lastKnownFileType = wrapper.framework; path = Parse.framework; sourceTree = "<group>"; };
		430DF6F11A17640B00764928 /* Bolts.framework */ = {isa = PBXFileReference; lastKnownFileType = wrapper.framework; name = Bolts.framework; path = NarWall/Bolts.framework; sourceTree = "<group>"; };
		432BA53A1A171F5000D8B173 /* ClubsTableViewController.h */ = {isa = PBXFileReference; fileEncoding = 4; lastKnownFileType = sourcecode.c.h; path = ClubsTableViewController.h; sourceTree = "<group>"; };
		432BA53B1A171F5000D8B173 /* ClubsTableViewController.m */ = {isa = PBXFileReference; fileEncoding = 4; lastKnownFileType = sourcecode.c.objc; path = ClubsTableViewController.m; sourceTree = "<group>"; };
		432BA53D1A172F8B00D8B173 /* CreateClubTableViewController.h */ = {isa = PBXFileReference; fileEncoding = 4; lastKnownFileType = sourcecode.c.h; path = CreateClubTableViewController.h; sourceTree = "<group>"; };
		432BA53E1A172F8B00D8B173 /* CreateClubTableViewController.m */ = {isa = PBXFileReference; fileEncoding = 4; lastKnownFileType = sourcecode.c.objc; path = CreateClubTableViewController.m; sourceTree = "<group>"; };
		438F95A11A173D49004C0A4F /* ClubCategoryTableViewController.h */ = {isa = PBXFileReference; fileEncoding = 4; lastKnownFileType = sourcecode.c.h; path = ClubCategoryTableViewController.h; sourceTree = "<group>"; };
		438F95A21A173D49004C0A4F /* ClubCategoryTableViewController.m */ = {isa = PBXFileReference; fileEncoding = 4; lastKnownFileType = sourcecode.c.objc; path = ClubCategoryTableViewController.m; sourceTree = "<group>"; };
		438F95A51A173E83004C0A4F /* CategoryCell.h */ = {isa = PBXFileReference; fileEncoding = 4; lastKnownFileType = sourcecode.c.h; path = CategoryCell.h; sourceTree = "<group>"; };
		438F95A61A173E83004C0A4F /* CategoryCell.m */ = {isa = PBXFileReference; fileEncoding = 4; lastKnownFileType = sourcecode.c.objc; path = CategoryCell.m; sourceTree = "<group>"; };
>>>>>>> Add screen is done, but not functional. Removed syncano, switching to Parse.
		43A7ABD41A1700E500C5C6AC /* NarWall.app */ = {isa = PBXFileReference; explicitFileType = wrapper.application; includeInIndex = 0; path = NarWall.app; sourceTree = BUILT_PRODUCTS_DIR; };
		43A7ABD81A1700E500C5C6AC /* Info.plist */ = {isa = PBXFileReference; lastKnownFileType = text.plist.xml; path = Info.plist; sourceTree = "<group>"; };
		43A7ABD91A1700E500C5C6AC /* main.m */ = {isa = PBXFileReference; lastKnownFileType = sourcecode.c.objc; path = main.m; sourceTree = "<group>"; };
		43A7ABDB1A1700E500C5C6AC /* AppDelegate.h */ = {isa = PBXFileReference; lastKnownFileType = sourcecode.c.h; path = AppDelegate.h; sourceTree = "<group>"; };
		43A7ABDC1A1700E500C5C6AC /* AppDelegate.m */ = {isa = PBXFileReference; lastKnownFileType = sourcecode.c.objc; path = AppDelegate.m; sourceTree = "<group>"; };
<<<<<<< HEAD
		43A7ABDE1A1700E500C5C6AC /* ViewController.h */ = {isa = PBXFileReference; lastKnownFileType = sourcecode.c.h; path = ViewController.h; sourceTree = "<group>"; };
		43A7ABDF1A1700E500C5C6AC /* ViewController.m */ = {isa = PBXFileReference; lastKnownFileType = sourcecode.c.objc; path = ViewController.m; sourceTree = "<group>"; };
=======
>>>>>>> Add screen is done, but not functional. Removed syncano, switching to Parse.
		43A7ABE21A1700E600C5C6AC /* Base */ = {isa = PBXFileReference; lastKnownFileType = file.storyboard; name = Base; path = Base.lproj/Main.storyboard; sourceTree = "<group>"; };
		43A7ABE41A1700E600C5C6AC /* Images.xcassets */ = {isa = PBXFileReference; lastKnownFileType = folder.assetcatalog; path = Images.xcassets; sourceTree = "<group>"; };
		43A7ABE71A1700E600C5C6AC /* Base */ = {isa = PBXFileReference; lastKnownFileType = file.xib; name = Base; path = Base.lproj/LaunchScreen.xib; sourceTree = "<group>"; };
		43A7ABED1A1700E600C5C6AC /* NarWallTests.xctest */ = {isa = PBXFileReference; explicitFileType = wrapper.cfbundle; includeInIndex = 0; path = NarWallTests.xctest; sourceTree = BUILT_PRODUCTS_DIR; };
		43A7ABF21A1700E600C5C6AC /* Info.plist */ = {isa = PBXFileReference; lastKnownFileType = text.plist.xml; path = Info.plist; sourceTree = "<group>"; };
		43A7ABF31A1700E600C5C6AC /* NarWallTests.m */ = {isa = PBXFileReference; lastKnownFileType = sourcecode.c.objc; path = NarWallTests.m; sourceTree = "<group>"; };
<<<<<<< HEAD
		4C60C3721A171B1600960F7F /* ITCFranklinGothicStd-Hvy.otf */ = {isa = PBXFileReference; lastKnownFileType = file; path = "ITCFranklinGothicStd-Hvy.otf"; sourceTree = "<group>"; };
		4C60C3741A171BAB00960F7F /* ITCFranklinGothicStd-Med.otf */ = {isa = PBXFileReference; lastKnownFileType = file; path = "ITCFranklinGothicStd-Med.otf"; sourceTree = "<group>"; };
		783D4DD84A8E44919CD42F67 /* Pods.release.xcconfig */ = {isa = PBXFileReference; includeInIndex = 1; lastKnownFileType = text.xcconfig; name = Pods.release.xcconfig; path = "Pods/Target Support Files/Pods/Pods.release.xcconfig"; sourceTree = "<group>"; };
		8CAD519335B149929D712077 /* libPods.a */ = {isa = PBXFileReference; explicitFileType = archive.ar; includeInIndex = 0; path = libPods.a; sourceTree = BUILT_PRODUCTS_DIR; };
=======
		8CAD519335B149929D712077 /* libPods.a */ = {isa = PBXFileReference; explicitFileType = archive.ar; includeInIndex = 0; path = libPods.a; sourceTree = BUILT_PRODUCTS_DIR; };
		954D24FB263C7C9A1CC12DC6 /* Pods.debug.xcconfig */ = {isa = PBXFileReference; includeInIndex = 1; lastKnownFileType = text.xcconfig; name = Pods.debug.xcconfig; path = "Pods/Target Support Files/Pods/Pods.debug.xcconfig"; sourceTree = "<group>"; };
>>>>>>> Add screen is done, but not functional. Removed syncano, switching to Parse.
/* End PBXFileReference section */

/* Begin PBXFrameworksBuildPhase section */
		43A7ABD11A1700E500C5C6AC /* Frameworks */ = {
			isa = PBXFrameworksBuildPhase;
			buildActionMask = 2147483647;
			files = (
<<<<<<< HEAD
=======
				430DF6EE1A1763D400764928 /* SystemConfiguration.framework in Frameworks */,
				430DF6EC1A1763CE00764928 /* StoreKit.framework in Frameworks */,
				430DF6EA1A1763C700764928 /* Security.framework in Frameworks */,
				430DF6E81A1763C200764928 /* QuartzCore.framework in Frameworks */,
				430DF6E61A1763B800764928 /* MobileCoreServices.framework in Frameworks */,
				430DF6E41A1763B100764928 /* libz.dylib in Frameworks */,
				430DF6E21A1763AC00764928 /* CoreLocation.framework in Frameworks */,
				430DF6F21A17640B00764928 /* Bolts.framework in Frameworks */,
				430DF6E01A17639500764928 /* CoreGraphics.framework in Frameworks */,
				430DF6DE1A17638C00764928 /* CFNetwork.framework in Frameworks */,
				430DF6DC1A17638700764928 /* AudioToolbox.framework in Frameworks */,
				430DF6F01A17640300764928 /* Parse.framework in Frameworks */,
>>>>>>> Add screen is done, but not functional. Removed syncano, switching to Parse.
				06863082BD754274962E002E /* libPods.a in Frameworks */,
			);
			runOnlyForDeploymentPostprocessing = 0;
		};
		43A7ABEA1A1700E600C5C6AC /* Frameworks */ = {
			isa = PBXFrameworksBuildPhase;
			buildActionMask = 2147483647;
			files = (
			);
			runOnlyForDeploymentPostprocessing = 0;
		};
/* End PBXFrameworksBuildPhase section */

/* Begin PBXGroup section */
<<<<<<< HEAD
=======
		2A892E88CFEE0060F139D46D /* Pods */ = {
			isa = PBXGroup;
			children = (
				954D24FB263C7C9A1CC12DC6 /* Pods.debug.xcconfig */,
				00D728CBA33F72E21DCEE40D /* Pods.release.xcconfig */,
			);
			name = Pods;
			sourceTree = "<group>";
		};
		432BA5371A171D6400D8B173 /* App Delegate */ = {
			isa = PBXGroup;
			children = (
				43A7ABDB1A1700E500C5C6AC /* AppDelegate.h */,
				43A7ABDC1A1700E500C5C6AC /* AppDelegate.m */,
			);
			name = "App Delegate";
			sourceTree = "<group>";
		};
		432BA5381A171D6B00D8B173 /* View Controllers */ = {
			isa = PBXGroup;
			children = (
				432BA5391A171D7200D8B173 /* Clubs */,
			);
			name = "View Controllers";
			sourceTree = "<group>";
		};
		432BA5391A171D7200D8B173 /* Clubs */ = {
			isa = PBXGroup;
			children = (
				432BA53D1A172F8B00D8B173 /* CreateClubTableViewController.h */,
				432BA53E1A172F8B00D8B173 /* CreateClubTableViewController.m */,
				432BA53A1A171F5000D8B173 /* ClubsTableViewController.h */,
				432BA53B1A171F5000D8B173 /* ClubsTableViewController.m */,
				438F95A11A173D49004C0A4F /* ClubCategoryTableViewController.h */,
				438F95A21A173D49004C0A4F /* ClubCategoryTableViewController.m */,
			);
			name = Clubs;
			sourceTree = "<group>";
		};
		438F95A41A173E64004C0A4F /* Cells */ = {
			isa = PBXGroup;
			children = (
				438F95A51A173E83004C0A4F /* CategoryCell.h */,
				438F95A61A173E83004C0A4F /* CategoryCell.m */,
			);
			name = Cells;
			sourceTree = "<group>";
		};
>>>>>>> Add screen is done, but not functional. Removed syncano, switching to Parse.
		43A7ABCB1A1700E500C5C6AC = {
			isa = PBXGroup;
			children = (
				43A7ABD61A1700E500C5C6AC /* NarWall */,
				43A7ABF01A1700E600C5C6AC /* NarWallTests */,
				43A7ABD51A1700E500C5C6AC /* Products */,
				A3D05B25A79649D98B264412 /* Frameworks */,
<<<<<<< HEAD
				67D3B0EEA8656352A580F3C8 /* Pods */,
=======
				2A892E88CFEE0060F139D46D /* Pods */,
>>>>>>> Add screen is done, but not functional. Removed syncano, switching to Parse.
			);
			sourceTree = "<group>";
		};
		43A7ABD51A1700E500C5C6AC /* Products */ = {
			isa = PBXGroup;
			children = (
				43A7ABD41A1700E500C5C6AC /* NarWall.app */,
				43A7ABED1A1700E600C5C6AC /* NarWallTests.xctest */,
			);
			name = Products;
			sourceTree = "<group>";
		};
		43A7ABD61A1700E500C5C6AC /* NarWall */ = {
			isa = PBXGroup;
			children = (
<<<<<<< HEAD
				43A7ABDB1A1700E500C5C6AC /* AppDelegate.h */,
				43A7ABDC1A1700E500C5C6AC /* AppDelegate.m */,
				43A7ABDE1A1700E500C5C6AC /* ViewController.h */,
				43A7ABDF1A1700E500C5C6AC /* ViewController.m */,
=======
				432BA5371A171D6400D8B173 /* App Delegate */,
				432BA5381A171D6B00D8B173 /* View Controllers */,
				438F95A41A173E64004C0A4F /* Cells */,
>>>>>>> Add screen is done, but not functional. Removed syncano, switching to Parse.
				43A7ABE11A1700E600C5C6AC /* Main.storyboard */,
				43A7ABE41A1700E600C5C6AC /* Images.xcassets */,
				43A7ABE61A1700E600C5C6AC /* LaunchScreen.xib */,
				43A7ABD71A1700E500C5C6AC /* Supporting Files */,
			);
			path = NarWall;
			sourceTree = "<group>";
		};
		43A7ABD71A1700E500C5C6AC /* Supporting Files */ = {
			isa = PBXGroup;
			children = (
<<<<<<< HEAD
				4C60C3711A171AFB00960F7F /* Custom Fonts */,
=======
>>>>>>> Add screen is done, but not functional. Removed syncano, switching to Parse.
				43A7ABD81A1700E500C5C6AC /* Info.plist */,
				43A7ABD91A1700E500C5C6AC /* main.m */,
			);
			name = "Supporting Files";
			sourceTree = "<group>";
		};
		43A7ABF01A1700E600C5C6AC /* NarWallTests */ = {
			isa = PBXGroup;
			children = (
				43A7ABF31A1700E600C5C6AC /* NarWallTests.m */,
				43A7ABF11A1700E600C5C6AC /* Supporting Files */,
			);
			path = NarWallTests;
			sourceTree = "<group>";
		};
		43A7ABF11A1700E600C5C6AC /* Supporting Files */ = {
			isa = PBXGroup;
			children = (
				43A7ABF21A1700E600C5C6AC /* Info.plist */,
			);
			name = "Supporting Files";
			sourceTree = "<group>";
		};
<<<<<<< HEAD
		4C60C3711A171AFB00960F7F /* Custom Fonts */ = {
			isa = PBXGroup;
			children = (
				4C60C3741A171BAB00960F7F /* ITCFranklinGothicStd-Med.otf */,
				4C60C3721A171B1600960F7F /* ITCFranklinGothicStd-Hvy.otf */,
			);
			name = "Custom Fonts";
			sourceTree = "<group>";
		};
		67D3B0EEA8656352A580F3C8 /* Pods */ = {
			isa = PBXGroup;
			children = (
				2C79CA6CE99195454F4AA463 /* Pods.debug.xcconfig */,
				783D4DD84A8E44919CD42F67 /* Pods.release.xcconfig */,
			);
			name = Pods;
			sourceTree = "<group>";
		};
		A3D05B25A79649D98B264412 /* Frameworks */ = {
			isa = PBXGroup;
			children = (
=======
		A3D05B25A79649D98B264412 /* Frameworks */ = {
			isa = PBXGroup;
			children = (
				430DF6F11A17640B00764928 /* Bolts.framework */,
				430DF6EF1A17640300764928 /* Parse.framework */,
				430DF6ED1A1763D400764928 /* SystemConfiguration.framework */,
				430DF6EB1A1763CE00764928 /* StoreKit.framework */,
				430DF6E91A1763C700764928 /* Security.framework */,
				430DF6E71A1763C200764928 /* QuartzCore.framework */,
				430DF6E51A1763B800764928 /* MobileCoreServices.framework */,
				430DF6E31A1763B100764928 /* libz.dylib */,
				430DF6E11A1763AC00764928 /* CoreLocation.framework */,
				430DF6DF1A17639500764928 /* CoreGraphics.framework */,
				430DF6DD1A17638C00764928 /* CFNetwork.framework */,
				430DF6DB1A17638700764928 /* AudioToolbox.framework */,
>>>>>>> Add screen is done, but not functional. Removed syncano, switching to Parse.
				8CAD519335B149929D712077 /* libPods.a */,
			);
			name = Frameworks;
			sourceTree = "<group>";
		};
/* End PBXGroup section */

/* Begin PBXNativeTarget section */
		43A7ABD31A1700E500C5C6AC /* NarWall */ = {
			isa = PBXNativeTarget;
			buildConfigurationList = 43A7ABF71A1700E600C5C6AC /* Build configuration list for PBXNativeTarget "NarWall" */;
			buildPhases = (
				19000799E7714BEE82600906 /* Check Pods Manifest.lock */,
				43A7ABD01A1700E500C5C6AC /* Sources */,
				43A7ABD11A1700E500C5C6AC /* Frameworks */,
				43A7ABD21A1700E500C5C6AC /* Resources */,
				E19F062F304B496DA0598E02 /* Copy Pods Resources */,
			);
			buildRules = (
			);
			dependencies = (
			);
			name = NarWall;
			productName = NarWall;
			productReference = 43A7ABD41A1700E500C5C6AC /* NarWall.app */;
			productType = "com.apple.product-type.application";
		};
		43A7ABEC1A1700E600C5C6AC /* NarWallTests */ = {
			isa = PBXNativeTarget;
			buildConfigurationList = 43A7ABFA1A1700E600C5C6AC /* Build configuration list for PBXNativeTarget "NarWallTests" */;
			buildPhases = (
				43A7ABE91A1700E600C5C6AC /* Sources */,
				43A7ABEA1A1700E600C5C6AC /* Frameworks */,
				43A7ABEB1A1700E600C5C6AC /* Resources */,
			);
			buildRules = (
			);
			dependencies = (
				43A7ABEF1A1700E600C5C6AC /* PBXTargetDependency */,
			);
			name = NarWallTests;
			productName = NarWallTests;
			productReference = 43A7ABED1A1700E600C5C6AC /* NarWallTests.xctest */;
			productType = "com.apple.product-type.bundle.unit-test";
		};
/* End PBXNativeTarget section */

/* Begin PBXProject section */
		43A7ABCC1A1700E500C5C6AC /* Project object */ = {
			isa = PBXProject;
			attributes = {
				LastUpgradeCheck = 0610;
				ORGANIZATIONNAME = "New School Crew";
				TargetAttributes = {
					43A7ABD31A1700E500C5C6AC = {
						CreatedOnToolsVersion = 6.1;
					};
					43A7ABEC1A1700E600C5C6AC = {
						CreatedOnToolsVersion = 6.1;
						TestTargetID = 43A7ABD31A1700E500C5C6AC;
					};
				};
			};
			buildConfigurationList = 43A7ABCF1A1700E500C5C6AC /* Build configuration list for PBXProject "NarWall" */;
			compatibilityVersion = "Xcode 3.2";
			developmentRegion = English;
			hasScannedForEncodings = 0;
			knownRegions = (
				en,
				Base,
			);
			mainGroup = 43A7ABCB1A1700E500C5C6AC;
			productRefGroup = 43A7ABD51A1700E500C5C6AC /* Products */;
			projectDirPath = "";
			projectRoot = "";
			targets = (
				43A7ABD31A1700E500C5C6AC /* NarWall */,
				43A7ABEC1A1700E600C5C6AC /* NarWallTests */,
			);
		};
/* End PBXProject section */

/* Begin PBXResourcesBuildPhase section */
		43A7ABD21A1700E500C5C6AC /* Resources */ = {
			isa = PBXResourcesBuildPhase;
			buildActionMask = 2147483647;
			files = (
				43A7ABE31A1700E600C5C6AC /* Main.storyboard in Resources */,
<<<<<<< HEAD
				4C60C3731A171B1700960F7F /* ITCFranklinGothicStd-Hvy.otf in Resources */,
				43A7ABE81A1700E600C5C6AC /* LaunchScreen.xib in Resources */,
				4C60C3751A171BAB00960F7F /* ITCFranklinGothicStd-Med.otf in Resources */,
=======
				43A7ABE81A1700E600C5C6AC /* LaunchScreen.xib in Resources */,
>>>>>>> Add screen is done, but not functional. Removed syncano, switching to Parse.
				43A7ABE51A1700E600C5C6AC /* Images.xcassets in Resources */,
			);
			runOnlyForDeploymentPostprocessing = 0;
		};
		43A7ABEB1A1700E600C5C6AC /* Resources */ = {
			isa = PBXResourcesBuildPhase;
			buildActionMask = 2147483647;
			files = (
			);
			runOnlyForDeploymentPostprocessing = 0;
		};
/* End PBXResourcesBuildPhase section */

/* Begin PBXShellScriptBuildPhase section */
		19000799E7714BEE82600906 /* Check Pods Manifest.lock */ = {
			isa = PBXShellScriptBuildPhase;
			buildActionMask = 2147483647;
			files = (
			);
			inputPaths = (
			);
			name = "Check Pods Manifest.lock";
			outputPaths = (
			);
			runOnlyForDeploymentPostprocessing = 0;
			shellPath = /bin/sh;
			shellScript = "diff \"${PODS_ROOT}/../Podfile.lock\" \"${PODS_ROOT}/Manifest.lock\" > /dev/null\nif [[ $? != 0 ]] ; then\n    cat << EOM\nerror: The sandbox is not in sync with the Podfile.lock. Run 'pod install' or update your CocoaPods installation.\nEOM\n    exit 1\nfi\n";
			showEnvVarsInLog = 0;
		};
		E19F062F304B496DA0598E02 /* Copy Pods Resources */ = {
			isa = PBXShellScriptBuildPhase;
			buildActionMask = 2147483647;
			files = (
			);
			inputPaths = (
			);
			name = "Copy Pods Resources";
			outputPaths = (
			);
			runOnlyForDeploymentPostprocessing = 0;
			shellPath = /bin/sh;
			shellScript = "\"${SRCROOT}/Pods/Target Support Files/Pods/Pods-resources.sh\"\n";
			showEnvVarsInLog = 0;
		};
/* End PBXShellScriptBuildPhase section */

/* Begin PBXSourcesBuildPhase section */
		43A7ABD01A1700E500C5C6AC /* Sources */ = {
			isa = PBXSourcesBuildPhase;
			buildActionMask = 2147483647;
			files = (
<<<<<<< HEAD
				43A7ABE01A1700E500C5C6AC /* ViewController.m in Sources */,
				43A7ABDD1A1700E500C5C6AC /* AppDelegate.m in Sources */,
				43A7ABDA1A1700E500C5C6AC /* main.m in Sources */,
=======
				438F95A31A173D49004C0A4F /* ClubCategoryTableViewController.m in Sources */,
				438F95A71A173E83004C0A4F /* CategoryCell.m in Sources */,
				43A7ABDD1A1700E500C5C6AC /* AppDelegate.m in Sources */,
				43A7ABDA1A1700E500C5C6AC /* main.m in Sources */,
				432BA53C1A171F5000D8B173 /* ClubsTableViewController.m in Sources */,
				432BA53F1A172F8B00D8B173 /* CreateClubTableViewController.m in Sources */,
>>>>>>> Add screen is done, but not functional. Removed syncano, switching to Parse.
			);
			runOnlyForDeploymentPostprocessing = 0;
		};
		43A7ABE91A1700E600C5C6AC /* Sources */ = {
			isa = PBXSourcesBuildPhase;
			buildActionMask = 2147483647;
			files = (
				43A7ABF41A1700E600C5C6AC /* NarWallTests.m in Sources */,
			);
			runOnlyForDeploymentPostprocessing = 0;
		};
/* End PBXSourcesBuildPhase section */

/* Begin PBXTargetDependency section */
		43A7ABEF1A1700E600C5C6AC /* PBXTargetDependency */ = {
			isa = PBXTargetDependency;
			target = 43A7ABD31A1700E500C5C6AC /* NarWall */;
			targetProxy = 43A7ABEE1A1700E600C5C6AC /* PBXContainerItemProxy */;
		};
/* End PBXTargetDependency section */

/* Begin PBXVariantGroup section */
		43A7ABE11A1700E600C5C6AC /* Main.storyboard */ = {
			isa = PBXVariantGroup;
			children = (
				43A7ABE21A1700E600C5C6AC /* Base */,
			);
			name = Main.storyboard;
			sourceTree = "<group>";
		};
		43A7ABE61A1700E600C5C6AC /* LaunchScreen.xib */ = {
			isa = PBXVariantGroup;
			children = (
				43A7ABE71A1700E600C5C6AC /* Base */,
			);
			name = LaunchScreen.xib;
			sourceTree = "<group>";
		};
/* End PBXVariantGroup section */

/* Begin XCBuildConfiguration section */
		43A7ABF51A1700E600C5C6AC /* Debug */ = {
			isa = XCBuildConfiguration;
			buildSettings = {
				ALWAYS_SEARCH_USER_PATHS = NO;
				CLANG_CXX_LANGUAGE_STANDARD = "gnu++0x";
				CLANG_CXX_LIBRARY = "libc++";
				CLANG_ENABLE_MODULES = YES;
				CLANG_ENABLE_OBJC_ARC = YES;
				CLANG_WARN_BOOL_CONVERSION = YES;
				CLANG_WARN_CONSTANT_CONVERSION = YES;
				CLANG_WARN_DIRECT_OBJC_ISA_USAGE = YES_ERROR;
				CLANG_WARN_EMPTY_BODY = YES;
				CLANG_WARN_ENUM_CONVERSION = YES;
				CLANG_WARN_INT_CONVERSION = YES;
				CLANG_WARN_OBJC_ROOT_CLASS = YES_ERROR;
				CLANG_WARN_UNREACHABLE_CODE = YES;
				CLANG_WARN__DUPLICATE_METHOD_MATCH = YES;
				"CODE_SIGN_IDENTITY[sdk=iphoneos*]" = "iPhone Developer";
				COPY_PHASE_STRIP = NO;
				ENABLE_STRICT_OBJC_MSGSEND = YES;
				GCC_C_LANGUAGE_STANDARD = gnu99;
				GCC_DYNAMIC_NO_PIC = NO;
				GCC_OPTIMIZATION_LEVEL = 0;
				GCC_PREPROCESSOR_DEFINITIONS = (
					"DEBUG=1",
					"$(inherited)",
				);
				GCC_SYMBOLS_PRIVATE_EXTERN = NO;
				GCC_WARN_64_TO_32_BIT_CONVERSION = YES;
				GCC_WARN_ABOUT_RETURN_TYPE = YES_ERROR;
				GCC_WARN_UNDECLARED_SELECTOR = YES;
				GCC_WARN_UNINITIALIZED_AUTOS = YES_AGGRESSIVE;
				GCC_WARN_UNUSED_FUNCTION = YES;
				GCC_WARN_UNUSED_VARIABLE = YES;
				IPHONEOS_DEPLOYMENT_TARGET = 8.1;
				MTL_ENABLE_DEBUG_INFO = YES;
				ONLY_ACTIVE_ARCH = YES;
				SDKROOT = iphoneos;
				TARGETED_DEVICE_FAMILY = "1,2";
			};
			name = Debug;
		};
		43A7ABF61A1700E600C5C6AC /* Release */ = {
			isa = XCBuildConfiguration;
			buildSettings = {
				ALWAYS_SEARCH_USER_PATHS = NO;
				CLANG_CXX_LANGUAGE_STANDARD = "gnu++0x";
				CLANG_CXX_LIBRARY = "libc++";
				CLANG_ENABLE_MODULES = YES;
				CLANG_ENABLE_OBJC_ARC = YES;
				CLANG_WARN_BOOL_CONVERSION = YES;
				CLANG_WARN_CONSTANT_CONVERSION = YES;
				CLANG_WARN_DIRECT_OBJC_ISA_USAGE = YES_ERROR;
				CLANG_WARN_EMPTY_BODY = YES;
				CLANG_WARN_ENUM_CONVERSION = YES;
				CLANG_WARN_INT_CONVERSION = YES;
				CLANG_WARN_OBJC_ROOT_CLASS = YES_ERROR;
				CLANG_WARN_UNREACHABLE_CODE = YES;
				CLANG_WARN__DUPLICATE_METHOD_MATCH = YES;
				"CODE_SIGN_IDENTITY[sdk=iphoneos*]" = "iPhone Developer";
				COPY_PHASE_STRIP = YES;
				ENABLE_NS_ASSERTIONS = NO;
				ENABLE_STRICT_OBJC_MSGSEND = YES;
				GCC_C_LANGUAGE_STANDARD = gnu99;
				GCC_WARN_64_TO_32_BIT_CONVERSION = YES;
				GCC_WARN_ABOUT_RETURN_TYPE = YES_ERROR;
				GCC_WARN_UNDECLARED_SELECTOR = YES;
				GCC_WARN_UNINITIALIZED_AUTOS = YES_AGGRESSIVE;
				GCC_WARN_UNUSED_FUNCTION = YES;
				GCC_WARN_UNUSED_VARIABLE = YES;
				IPHONEOS_DEPLOYMENT_TARGET = 8.1;
				MTL_ENABLE_DEBUG_INFO = NO;
				SDKROOT = iphoneos;
				TARGETED_DEVICE_FAMILY = "1,2";
				VALIDATE_PRODUCT = YES;
			};
			name = Release;
		};
		43A7ABF81A1700E600C5C6AC /* Debug */ = {
			isa = XCBuildConfiguration;
<<<<<<< HEAD
			baseConfigurationReference = 2C79CA6CE99195454F4AA463 /* Pods.debug.xcconfig */;
			buildSettings = {
				ASSETCATALOG_COMPILER_APPICON_NAME = AppIcon;
				INFOPLIST_FILE = NarWall/Info.plist;
=======
			baseConfigurationReference = 954D24FB263C7C9A1CC12DC6 /* Pods.debug.xcconfig */;
			buildSettings = {
				ASSETCATALOG_COMPILER_APPICON_NAME = AppIcon;
				FRAMEWORK_SEARCH_PATHS = (
					"$(inherited)",
					"$(PROJECT_DIR)",
					"$(PROJECT_DIR)/NarWall",
				);
				INFOPLIST_FILE = NarWall/Info.plist;
				IPHONEOS_DEPLOYMENT_TARGET = 7.0;
>>>>>>> Add screen is done, but not functional. Removed syncano, switching to Parse.
				LD_RUNPATH_SEARCH_PATHS = "$(inherited) @executable_path/Frameworks";
				PRODUCT_NAME = "$(TARGET_NAME)";
			};
			name = Debug;
		};
		43A7ABF91A1700E600C5C6AC /* Release */ = {
			isa = XCBuildConfiguration;
<<<<<<< HEAD
			baseConfigurationReference = 783D4DD84A8E44919CD42F67 /* Pods.release.xcconfig */;
			buildSettings = {
				ASSETCATALOG_COMPILER_APPICON_NAME = AppIcon;
				INFOPLIST_FILE = NarWall/Info.plist;
=======
			baseConfigurationReference = 00D728CBA33F72E21DCEE40D /* Pods.release.xcconfig */;
			buildSettings = {
				ASSETCATALOG_COMPILER_APPICON_NAME = AppIcon;
				FRAMEWORK_SEARCH_PATHS = (
					"$(inherited)",
					"$(PROJECT_DIR)",
					"$(PROJECT_DIR)/NarWall",
				);
				INFOPLIST_FILE = NarWall/Info.plist;
				IPHONEOS_DEPLOYMENT_TARGET = 7.0;
>>>>>>> Add screen is done, but not functional. Removed syncano, switching to Parse.
				LD_RUNPATH_SEARCH_PATHS = "$(inherited) @executable_path/Frameworks";
				PRODUCT_NAME = "$(TARGET_NAME)";
			};
			name = Release;
		};
		43A7ABFB1A1700E600C5C6AC /* Debug */ = {
			isa = XCBuildConfiguration;
			buildSettings = {
				BUNDLE_LOADER = "$(TEST_HOST)";
				FRAMEWORK_SEARCH_PATHS = (
					"$(SDKROOT)/Developer/Library/Frameworks",
					"$(inherited)",
				);
				GCC_PREPROCESSOR_DEFINITIONS = (
					"DEBUG=1",
					"$(inherited)",
				);
				INFOPLIST_FILE = NarWallTests/Info.plist;
				LD_RUNPATH_SEARCH_PATHS = "$(inherited) @executable_path/Frameworks @loader_path/Frameworks";
				PRODUCT_NAME = "$(TARGET_NAME)";
				TEST_HOST = "$(BUILT_PRODUCTS_DIR)/NarWall.app/NarWall";
			};
			name = Debug;
		};
		43A7ABFC1A1700E600C5C6AC /* Release */ = {
			isa = XCBuildConfiguration;
			buildSettings = {
				BUNDLE_LOADER = "$(TEST_HOST)";
				FRAMEWORK_SEARCH_PATHS = (
					"$(SDKROOT)/Developer/Library/Frameworks",
					"$(inherited)",
				);
				INFOPLIST_FILE = NarWallTests/Info.plist;
				LD_RUNPATH_SEARCH_PATHS = "$(inherited) @executable_path/Frameworks @loader_path/Frameworks";
				PRODUCT_NAME = "$(TARGET_NAME)";
				TEST_HOST = "$(BUILT_PRODUCTS_DIR)/NarWall.app/NarWall";
			};
			name = Release;
		};
/* End XCBuildConfiguration section */

/* Begin XCConfigurationList section */
		43A7ABCF1A1700E500C5C6AC /* Build configuration list for PBXProject "NarWall" */ = {
			isa = XCConfigurationList;
			buildConfigurations = (
				43A7ABF51A1700E600C5C6AC /* Debug */,
				43A7ABF61A1700E600C5C6AC /* Release */,
			);
			defaultConfigurationIsVisible = 0;
			defaultConfigurationName = Release;
		};
		43A7ABF71A1700E600C5C6AC /* Build configuration list for PBXNativeTarget "NarWall" */ = {
			isa = XCConfigurationList;
			buildConfigurations = (
				43A7ABF81A1700E600C5C6AC /* Debug */,
				43A7ABF91A1700E600C5C6AC /* Release */,
			);
			defaultConfigurationIsVisible = 0;
			defaultConfigurationName = Release;
		};
		43A7ABFA1A1700E600C5C6AC /* Build configuration list for PBXNativeTarget "NarWallTests" */ = {
			isa = XCConfigurationList;
			buildConfigurations = (
				43A7ABFB1A1700E600C5C6AC /* Debug */,
				43A7ABFC1A1700E600C5C6AC /* Release */,
			);
			defaultConfigurationIsVisible = 0;
			defaultConfigurationName = Release;
		};
/* End XCConfigurationList section */
	};
	rootObject = 43A7ABCC1A1700E500C5C6AC /* Project object */;
<<<<<<< HEAD
}
=======
}
>>>>>>> Add screen is done, but not functional. Removed syncano, switching to Parse.
